{
  "originHash" : "037938feb7f96768076b34621952817aa130d592f38e3eaa9e42df88bb03eb86",
  "pins" : [
    {
      "identity" : "cryptoswift",
      "kind" : "remoteSourceControl",
      "location" : "https://github.com/krzyzanowskim/CryptoSwift",
      "state" : {
        "revision" : "729e01bc9b9dab466ac85f21fb9ee2bc1c61b258",
        "version" : "1.8.4"
      }
    },
    {
      "identity" : "openssl",
      "kind" : "remoteSourceControl",
      "location" : "https://github.com/krzyzanowskim/OpenSSL.git",
      "state" : {
        "revision" : "8729614a93e6b20307db3c3359aed81f030facaa",
        "version" : "3.3.2000"
      }
    }
  ],
  "version" : 3
}
